
Microsoft Visual Studio Solution File, Format Version 12.00
# Visual Studio 14
VisualStudioVersion = 14.0.25420.1
MinimumVisualStudioVersion = 10.0.40219.1
Project("{2150E333-8FDC-42A3-9474-1A3956D46DE8}") = "Datos", "Datos", "{2509E59B-FEE5-4C99-80F3-DE85F8CC7FAE}"
EndProject
Project("{2150E333-8FDC-42A3-9474-1A3956D46DE8}") = "Entidades", "Entidades", "{D12AB6F7-35D8-4F97-9EAD-C6317C297EA7}"
EndProject
Project("{2150E333-8FDC-42A3-9474-1A3956D46DE8}") = "Logico Negocio", "Logico Negocio", "{AAD41D4A-6586-4745-B160-5B1395CF4516}"
EndProject
Project("{2150E333-8FDC-42A3-9474-1A3956D46DE8}") = "Presentacion", "Presentacion", "{E4598094-1006-4D38-A99C-879A4BD40C3E}"
EndProject
Project("{FAE04EC0-301F-11D3-BF4B-00C04F79EFBC}") = "TP3.Datos.EF", "TP3.Datos.EF\TP3.Datos.EF.csproj", "{FC5F3112-63C0-4B5A-97F2-0FABDFD9DABC}"
EndProject
Project("{FAE04EC0-301F-11D3-BF4B-00C04F79EFBC}") = "TP3.Entidades.EF", "TP3.Entidades.EF\TP3.Entidades.EF.csproj", "{59D6B7DF-37A7-41D5-B349-37737F008160}"
EndProject
Project("{FAE04EC0-301F-11D3-BF4B-00C04F79EFBC}") = "TP3.Negocio", "TP3.Negocio\TP3.Negocio.csproj", "{D1D9D6EF-61EF-447F-8135-86E13F7ECD00}"
EndProject
Project("{FAE04EC0-301F-11D3-BF4B-00C04F79EFBC}") = "TP3.Web", "TP3.Web\TP3.Web.csproj", "{C7B4E2DC-898A-49A6-8AC6-8A073BA1843F}"
EndProject
Global
	GlobalSection(SolutionConfigurationPlatforms) = preSolution
		Debug|Any CPU = Debug|Any CPU
		Release|Any CPU = Release|Any CPU
	EndGlobalSection
	GlobalSection(ProjectConfigurationPlatforms) = postSolution
		{FC5F3112-63C0-4B5A-97F2-0FABDFD9DABC}.Debug|Any CPU.ActiveCfg = Debug|Any CPU
		{FC5F3112-63C0-4B5A-97F2-0FABDFD9DABC}.Debug|Any CPU.Build.0 = Debug|Any CPU
		{FC5F3112-63C0-4B5A-97F2-0FABDFD9DABC}.Release|Any CPU.ActiveCfg = Release|Any CPU
		{FC5F3112-63C0-4B5A-97F2-0FABDFD9DABC}.Release|Any CPU.Build.0 = Release|Any CPU
		{59D6B7DF-37A7-41D5-B349-37737F008160}.Debug|Any CPU.ActiveCfg = Debug|Any CPU
		{59D6B7DF-37A7-41D5-B349-37737F008160}.Debug|Any CPU.Build.0 = Debug|Any CPU
		{59D6B7DF-37A7-41D5-B349-37737F008160}.Release|Any CPU.ActiveCfg = Release|Any CPU
		{59D6B7DF-37A7-41D5-B349-37737F008160}.Release|Any CPU.Build.0 = Release|Any CPU
		{D1D9D6EF-61EF-447F-8135-86E13F7ECD00}.Debug|Any CPU.ActiveCfg = Debug|Any CPU
		{D1D9D6EF-61EF-447F-8135-86E13F7ECD00}.Debug|Any CPU.Build.0 = Debug|Any CPU
		{D1D9D6EF-61EF-447F-8135-86E13F7ECD00}.Release|Any CPU.ActiveCfg = Release|Any CPU
		{D1D9D6EF-61EF-447F-8135-86E13F7ECD00}.Release|Any CPU.Build.0 = Release|Any CPU
		{C7B4E2DC-898A-49A6-8AC6-8A073BA1843F}.Debug|Any CPU.ActiveCfg = Debug|Any CPU
		{C7B4E2DC-898A-49A6-8AC6-8A073BA1843F}.Debug|Any CPU.Build.0 = Debug|Any CPU
		{C7B4E2DC-898A-49A6-8AC6-8A073BA1843F}.Release|Any CPU.ActiveCfg = Release|Any CPU
		{C7B4E2DC-898A-49A6-8AC6-8A073BA1843F}.Release|Any CPU.Build.0 = Release|Any CPU
	EndGlobalSection
	GlobalSection(SolutionProperties) = preSolution
		HideSolutionNode = FALSE
	EndGlobalSection
	GlobalSection(NestedProjects) = preSolution
		{FC5F3112-63C0-4B5A-97F2-0FABDFD9DABC} = {2509E59B-FEE5-4C99-80F3-DE85F8CC7FAE}
		{59D6B7DF-37A7-41D5-B349-37737F008160} = {D12AB6F7-35D8-4F97-9EAD-C6317C297EA7}
		{D1D9D6EF-61EF-447F-8135-86E13F7ECD00} = {AAD41D4A-6586-4745-B160-5B1395CF4516}
		{C7B4E2DC-898A-49A6-8AC6-8A073BA1843F} = {E4598094-1006-4D38-A99C-879A4BD40C3E}
	EndGlobalSection
EndGlobal
